<?xml version="1.0" encoding="utf-8"?>
<Project ToolsVersion="4.0" xmlns="http://schemas.microsoft.com/developer/msbuild/2003">
  <ItemGroup>
    <Filter Include="Source Files">
      <UniqueIdentifier>{4FC737F1-C7A5-4376-A066-2A32D752A2FF}</UniqueIdentifier>
      <Extensions>cpp;c;cc;cxx;def;odl;idl;hpj;bat;asm;asmx</Extensions>
    </Filter>
    <Filter Include="Header Files">
      <UniqueIdentifier>{93995380-89BD-4b04-88EB-625FBE52EBFB}</UniqueIdentifier>
      <Extensions>h;hh;hpp;hxx;hm;inl;inc;xsd</Extensions>
    </Filter>
    <Filter Include="Resource Files">
      <UniqueIdentifier>{67DA6AB6-F800-4c08-8B7A-83BB121AAD01}</UniqueIdentifier>
      <Extensions>rc;ico;cur;bmp;dlg;rc2;rct;bin;rgs;gif;jpg;jpeg;jpe;resx;tiff;tif;png;wav;mfcribbon-ms</Extensions>
    </Filter>
  </ItemGroup>
  <ItemGroup>
    <Text Include="ReadMe.txt" />
  </ItemGroup>
  <ItemGroup>
    <ClInclude Include="camera.h">
      <Filter>Header Files</Filter>
    </ClInclude>
    <ClInclude Include="color.h">
      <Filter>Header Files</Filter>
    </ClInclude>
    <ClInclude Include="ilightsource.h">
      <Filter>Header Files</Filter>
    </ClInclude>
    <ClInclude Include="imagebuffer.h">
      <Filter>Header Files</Filter>
    </ClInclude>
    <ClInclude Include="imagereader.h">
      <Filter>Header Files</Filter>
    </ClInclude>
    <ClInclude Include="imagewriter.h">
      <Filter>Header Files</Filter>
    </ClInclude>
    <ClInclude Include="intersection.h">
      <Filter>Header Files</Filter>
    </ClInclude>
    <ClInclude Include="lodepng.h">
      <Filter>Header Files</Filter>
    </ClInclude>
    <ClInclude Include="pointlight.h">
      <Filter>Header Files</Filter>
    </ClInclude>
    <ClInclude Include="progresslog.h">
      <Filter>Header Files</Filter>
    </ClInclude>
    <ClInclude Include="ray.h">
      <Filter>Header Files</Filter>
    </ClInclude>
    <ClInclude Include="scene.h">
      <Filter>Header Files</Filter>
    </ClInclude>
    <ClInclude Include="supersampler.h">
      <Filter>Header Files</Filter>
    </ClInclude>
    <ClInclude Include="utils.h">
      <Filter>Header Files</Filter>
    </ClInclude>
    <ClInclude Include="vecmath.h">
      <Filter>Header Files</Filter>
    </ClInclude>
    <ClInclude Include="vector.h">
      <Filter>Header Files</Filter>
    </ClInclude>
    <ClInclude Include="shader\staticcolormaterial.h">
      <Filter>Header Files</Filter>
    </ClInclude>
    <ClInclude Include="shader\blinnshader.h">
      <Filter>Header Files</Filter>
    </ClInclude>
    <ClInclude Include="shader\checkermaterial.h">
      <Filter>Header Files</Filter>
    </ClInclude>
    <ClInclude Include="shader\filematerial.h">
      <Filter>Header Files</Filter>
    </ClInclude>
    <ClInclude Include="shader\glassshader.h">
      <Filter>Header Files</Filter>
    </ClInclude>
    <ClInclude Include="shader\imaterial.h">
      <Filter>Header Files</Filter>
    </ClInclude>
    <ClInclude Include="shader\ishader.h">
      <Filter>Header Files</Filter>
    </ClInclude>
    <ClInclude Include="shader\lambertshader.h">
      <Filter>Header Files</Filter>
    </ClInclude>
    <ClInclude Include="shader\mirrorshader.h">
      <Filter>Header Files</Filter>
    </ClInclude>
    <ClInclude Include="shader\phongshader.h">
      <Filter>Header Files</Filter>
    </ClInclude>
    <ClInclude Include="shape\ishape.h">
      <Filter>Header Files</Filter>
    </ClInclude>
    <ClInclude Include="shape\plane.h">
      <Filter>Header Files</Filter>
    </ClInclude>
    <ClInclude Include="shape\sphere.h">
      <Filter>Header Files</Filter>
    </ClInclude>
  </ItemGroup>
  <ItemGroup>
    <ClCompile Include="camera.cpp">
      <Filter>Source Files</Filter>
    </ClCompile>
    <ClCompile Include="color.cpp">
      <Filter>Source Files</Filter>
    </ClCompile>
    <ClCompile Include="imagereader.cpp">
      <Filter>Source Files</Filter>
    </ClCompile>
    <ClCompile Include="imagewriter.cpp">
      <Filter>Source Files</Filter>
    </ClCompile>
    <ClCompile Include="interfacehelper.cpp">
      <Filter>Source Files</Filter>
    </ClCompile>
    <ClCompile Include="lodepng.cpp">
      <Filter>Source Files</Filter>
    </ClCompile>
    <ClCompile Include="main.cpp">
      <Filter>Source Files</Filter>
    </ClCompile>
    <ClCompile Include="pointlight.cpp">
      <Filter>Source Files</Filter>
    </ClCompile>
    <ClCompile Include="scene.cpp">
      <Filter>Source Files</Filter>
    </ClCompile>
    <ClCompile Include="supersampler.cpp">
      <Filter>Source Files</Filter>
    </ClCompile>
    <ClCompile Include="shader\blinnshader.cpp">
      <Filter>Source Files</Filter>
    </ClCompile>
    <ClCompile Include="shader\filematerial.cpp">
      <Filter>Source Files</Filter>
    </ClCompile>
    <ClCompile Include="shader\glassshader.cpp">
      <Filter>Source Files</Filter>
    </ClCompile>
    <ClCompile Include="shader\lambertshader.cpp">
      <Filter>Source Files</Filter>
    </ClCompile>
    <ClCompile Include="shader\mirrorshader.cpp">
      <Filter>Source Files</Filter>
    </ClCompile>
    <ClCompile Include="shader\phongshader.cpp">
      <Filter>Source Files</Filter>
    </ClCompile>
    <ClCompile Include="shape\plane.cpp">
      <Filter>Source Files</Filter>
    </ClCompile>
    <ClCompile Include="shape\sphere.cpp">
      <Filter>Source Files</Filter>
    </ClCompile>
  </ItemGroup>
</Project>